
Microsoft Visual Studio Solution File, Format Version 12.00
# Visual Studio Version 16
VisualStudioVersion = 16.0.30104.148
MinimumVisualStudioVersion = 10.0.40219.1
Project("{FAE04EC0-301F-11D3-BF4B-00C04F79EFBC}") = "Numberals", "Numberals\Numberals.csproj", "{A141352F-D3F4-4F51-9A11-2926C995E524}"
EndProject
Project("{FAE04EC0-301F-11D3-BF4B-00C04F79EFBC}") = "Test", "Test\Test.csproj", "{EF52C019-C2F2-4086-9C95-6E3EEB642FA2}"
EndProject
Global
	GlobalSection(SolutionConfigurationPlatforms) = preSolution
		Debug|Any CPU = Debug|Any CPU
		Release|Any CPU = Release|Any CPU
	EndGlobalSection
	GlobalSection(ProjectConfigurationPlatforms) = postSolution
		{A141352F-D3F4-4F51-9A11-2926C995E524}.Debug|Any CPU.ActiveCfg = Debug|Any CPU
		{A141352F-D3F4-4F51-9A11-2926C995E524}.Debug|Any CPU.Build.0 = Debug|Any CPU
		{A141352F-D3F4-4F51-9A11-2926C995E524}.Release|Any CPU.ActiveCfg = Release|Any CPU
		{A141352F-D3F4-4F51-9A11-2926C995E524}.Release|Any CPU.Build.0 = Release|Any CPU
		{EF52C019-C2F2-4086-9C95-6E3EEB642FA2}.Debug|Any CPU.ActiveCfg = Debug|Any CPU
		{EF52C019-C2F2-4086-9C95-6E3EEB642FA2}.Debug|Any CPU.Build.0 = Debug|Any CPU
		{EF52C019-C2F2-4086-9C95-6E3EEB642FA2}.Release|Any CPU.ActiveCfg = Release|Any CPU
		{EF52C019-C2F2-4086-9C95-6E3EEB642FA2}.Release|Any CPU.Build.0 = Release|Any CPU
	EndGlobalSection
	GlobalSection(SolutionProperties) = preSolution
		HideSolutionNode = FALSE
	EndGlobalSection
	GlobalSection(ExtensibilityGlobals) = postSolution
		SolutionGuid = {C4ECAB42-213F-42BB-BB60-CBEC839175C7}
	EndGlobalSection
EndGlobal
